#MicroXplorer Configuration settings - do not modify
Mcu.Family=STM32F4
PD7.Mode=NorPsramChipSelect1_1
ProjectManager.MainLocation=Core/Src
FSMC.AddressSetupTime1=2
CAN1.NART=ENABLE
PA6.Mode=Full_Duplex_Master
SH.S_TIM4_CH2.ConfNb=1
PH0-OSC_IN.Signal=RCC_OSC_IN
RCC.CortexFreq_Value=168000000
ProjectManager.KeepUserCode=true
Mcu.UserName=STM32F407VGTx
SPI1.VirtualType=VM_MASTER
TIM1.IPParameters=Channel-Output Compare1 No Output
CAN1.AWUM=ENABLE
RCC.PLLCLKFreq_Value=168000000
FSMC.MemoryType1=FSMC_MEMORY_TYPE_SRAM
RCC.PLLQCLKFreq_Value=48000000
PB6.GPIO_ModeDefaultEXTI=GPIO_MODE_IT_FALLING
ProjectManager.functionlistsort=1-MX_GPIO_Init-GPIO-false-HAL-true,2-SystemClock_Config-RCC-false-HAL-false,3-MX_TIM1_Init-TIM1-false-HAL-true,4-MX_TIM2_Init-TIM2-false-HAL-true,5-MX_TIM4_Init-TIM4-false-HAL-true,6-MX_CAN1_Init-CAN1-false-HAL-true,7-MX_SPI1_Init-SPI1-false-HAL-true,8-MX_FSMC_Init-FSMC-false-HAL-true,9-MX_TIM3_Init-TIM3-false-HAL-true,10-MX_USB_OTG_FS_HCD_Init-USB_OTG_FS-false-HAL-true
PA11.Mode=Host_Only
RCC.RTCFreq_Value=32000
PB6.GPIO_Label=Touch_IRQ
FSMC.ExtendedBusTurnAroundDuration1=3
PD9.Mode=16b-d1
PinOutPanel.RotationAngle=180
PE6.GPIO_Label=Reverse_Switch_Input
PE5.GPIOParameters=GPIO_Label
RCC.SYSCLKSource=RCC_SYSCLKSOURCE_PLLCLK
ProjectManager.StackSize=0x400
PB5.GPIOParameters=GPIO_Label
VP_TIM1_VS_no_output1.Mode=Output Compare1 No Output
PD13.Signal=S_TIM4_CH2
Mcu.IP4=SPI1
RCC.FCLKCortexFreq_Value=168000000
Mcu.IP5=SYS
Mcu.IP2=NVIC
NVIC.SVCall_IRQn=true\:0\:0\:false\:false\:true\:false\:false
Mcu.IP3=RCC
Mcu.IP0=CAN1
Mcu.IP1=FSMC
PA12.Signal=USB_OTG_FS_DP
PE4.GPIOParameters=GPIO_Label
PE11.Mode=16b-d1
Mcu.UserConstants=
PA4.Mode=NSS_Signal_Hard_Output
Mcu.ThirdPartyNb=0
SPI1.Direction=SPI_DIRECTION_2LINES
RCC.HCLKFreq_Value=168000000
Mcu.IPNb=11
RCC.I2SClocksFreq_Value=192000000
TIM2.IPParameters=CounterMode,Period,Prescaler
ProjectManager.PreviousToolchain=STM32CubeIDE
PD4.Signal=FSMC_NOE
RCC.APB2TimFreq_Value=168000000
TIM3.Period=0xffff
PB6.Signal=GPXTI6
RCC.VcooutputI2S=192000000
SPI1.CalculateBaudRate=328.125 KBits/s
PD10.Mode=16b-d1
Mcu.Pin6=PA5
PD0.Signal=FSMC_D2
Mcu.Pin7=PA6
PD8.Signal=FSMC_D13
VP_TIM2_VS_ClockSourceINT.Signal=TIM2_VS_ClockSourceINT
Mcu.Pin8=PA7
PE5.Signal=GPIO_Input
Mcu.Pin9=PE7
RCC.AHBFreq_Value=168000000
PH0-OSC_IN.Mode=HSE-External-Oscillator
Mcu.Pin0=PE4
PD5.Mode=Lcd1
Mcu.Pin1=PE5
Mcu.Pin2=PE6
Mcu.Pin3=PH0-OSC_IN
Mcu.Pin4=PH1-OSC_OUT
Mcu.Pin5=PA4
ProjectManager.ProjectBuild=false
RCC.HSE_VALUE=8000000
NVIC.UsageFault_IRQn=true\:0\:0\:false\:false\:true\:false\:false
NVIC.DebugMonitor_IRQn=true\:0\:0\:false\:false\:true\:false\:false
USB_OTG_FS.phy_itface=HCD_PHY_EMBEDDED
Mcu.IP10=USB_OTG_FS
NVIC.SysTick_IRQn=true\:0\:0\:false\:false\:true\:false\:true
ProjectManager.FirmwarePackage=STM32Cube FW_F4 V1.26.1
MxDb.Version=DB.6.0.20
PE13.Signal=FSMC_D10
ProjectManager.BackupPrevious=false
VP_TIM1_VS_no_output1.Signal=TIM1_VS_no_output1
RCC.VCOInputFreq_Value=2000000
PE9.Signal=FSMC_D6
PA14.Mode=Serial_Wire
PD14.Mode=16b-d1
TIM3.Prescaler=1
NVIC.TIM2_IRQn=true\:0\:0\:false\:false\:true\:true\:true
File.Version=6
PE4.GPIO_Label=Main_Relay_Input
SH.S_TIM4_CH2.0=TIM4_CH2,PWM_Input_2
PB8.Locked=true
FSMC.BusTurnAroundDuration1=0
SPI1.VirtualNSS=VM_NSSHARD
PE13.Mode=16b-d1
PB6.Locked=true
NVIC.PendSV_IRQn=true\:0\:0\:false\:false\:true\:false\:false
SH.S_TIM3_CH1.0=TIM3_CH1,PWM_Input_1
TIM4.Period=0xffff
PE4.Signal=GPIO_Input
PE10.Signal=FSMC_D7
PE6.GPIOParameters=GPIO_Label
PB6.GPIOParameters=GPIO_PuPd,GPIO_Label,GPIO_ModeDefaultEXTI
ProjectManager.HalAssertFull=false
VP_TIM1_VS_ClockSourceINT.Mode=Internal
ProjectManager.ProjectName=E_Kart_testing
PH1-OSC_OUT.Mode=HSE-External-Oscillator
PD15.Mode=16b-d1
RCC.MCO2PinFreq_Value=168000000
CAN1.Prescaler=7
Mcu.Package=LQFP100
PB9.Signal=CAN1_TX
TIM2.Prescaler=1
PA6.Signal=SPI1_MISO
FSMC.IPParameters=MemoryType1,ExtendedMode1,ExtendedAddressSetupTime1,ExtendedBusTurnAroundDuration1,ExtendedDataSetupTime1,AddressSetupTime1,DataSetupTime1,BusTurnAroundDuration1
ProjectManager.ToolChainLocation=
RCC.LSI_VALUE=32000
VP_SYS_VS_Systick.Signal=SYS_VS_Systick
USB_OTG_FS.VirtualMode=Host_Only
PE9.Mode=16b-d1
RCC.APB2CLKDivider=RCC_HCLK_DIV2
PB5.GPIO_Label=BL_CNT
PD4.Mode=Lcd1
RCC.APB1TimFreq_Value=84000000
NVIC.BusFault_IRQn=true\:0\:0\:false\:false\:true\:false\:false
USB_OTG_FS.IPParameters=VirtualMode,phy_itface
PE6.Locked=true
PE7.Signal=FSMC_D4
SPI1.BaudRatePrescaler=SPI_BAUDRATEPRESCALER_256
CAN1.CalculateTimeBit=1999.99
PD15.Signal=FSMC_D1
ProjectManager.CustomerFirmwarePackage=
VP_TIM3_VS_ClockSourceINT.Mode=Internal
CAN1.CalculateTimeQuantum=166.66666666666669
PA5.Mode=Full_Duplex_Master
PE12.Mode=16b-d1
FSMC.ExtendedAddressSetupTime1=2
ProjectManager.ProjectFileName=E_Kart_testing.ioc
PA7.Mode=Full_Duplex_Master
TIM2.CounterMode=TIM_COUNTERMODE_DOWN
Mcu.PinsNb=45
ProjectManager.NoMain=false
SPI1.IPParameters=VirtualType,Mode,Direction,CalculateBaudRate,VirtualNSS,BaudRatePrescaler
FSMC.ExtendedMode1=FSMC_EXTENDED_MODE_ENABLE
CAN1.IPParameters=CalculateTimeQuantum,BS1,BS2,Prescaler,ABOM,AWUM,NART,CalculateTimeBit,CalculateBaudRate
PB6.GPIO_PuPd=GPIO_PULLUP
TIM1.Channel-Output\ Compare1\ No\ Output=TIM_CHANNEL_1
CAN1.CalculateBaudRate=500000
PE10.Mode=16b-d1
PC6.Signal=S_TIM3_CH1
PD7.Signal=FSMC_NE1
PD1.Signal=FSMC_D3
ProjectManager.DefaultFWLocation=true
PD5.Signal=FSMC_NWE
PD9.Signal=FSMC_D14
ProjectManager.DeletePrevious=true
RCC.APB1CLKDivider=RCC_HCLK_DIV4
RCC.FamilyName=M
PE8.Mode=16b-d1
SH.GPXTI6.0=GPIO_EXTI6
PD10.Signal=FSMC_D15
PA13.Signal=SYS_JTMS-SWDIO
SH.GPXTI6.ConfNb=1
CAN1.BS2=CAN_BS2_3TQ
VP_TIM4_VS_ClockSourceINT.Signal=TIM4_VS_ClockSourceINT
CAN1.BS1=CAN_BS1_8TQ
ProjectManager.TargetToolchain=STM32CubeIDE
TIM4.IPParameters=Prescaler,Period,ICPolarity_1
FSMC.DataSetupTime1=5
PB9.Mode=CAN_Activate
VP_TIM1_VS_ClockSourceINT.Signal=TIM1_VS_ClockSourceINT
PE4.Locked=true
PB5.Locked=true
PB9.Locked=true
ProjectManager.RegisterCallBack=
VP_TIM3_VS_ClockSourceINT.Signal=TIM3_VS_ClockSourceINT
TIM4.Prescaler=1
PE11.Signal=FSMC_D8
RCC.LSE_VALUE=32768
PD8.Mode=16b-d1
CAN1.ABOM=ENABLE
RCC.VCOI2SOutputFreq_Value=384000000
PA5.Signal=SPI1_SCK
Mcu.Pin40=VP_TIM1_VS_ClockSourceINT
Mcu.Pin41=VP_TIM1_VS_no_output1
Mcu.Pin44=VP_TIM4_VS_ClockSourceINT
FSMC.ExtendedDataSetupTime1=3
Mcu.Pin42=VP_TIM2_VS_ClockSourceINT
board=E-Kart
Mcu.Pin43=VP_TIM3_VS_ClockSourceINT
RCC.VCOOutputFreq_Value=336000000
ProjectManager.LastFirmware=true
PD1.Mode=16b-d1
NVIC.TIM3_IRQn=true\:0\:0\:false\:false\:true\:true\:true
NVIC.SPI1_IRQn=true\:0\:0\:false\:false\:true\:true\:true
RCC.APB2Freq_Value=84000000
PE14.Signal=FSMC_D11
PE15.Signal=FSMC_D12
MxCube.Version=6.2.0
Mcu.Pin37=PB8
Mcu.Pin38=PB9
Mcu.Pin35=PB5
VP_TIM2_VS_ClockSourceINT.Mode=Internal
PE8.Signal=FSMC_D5
Mcu.Pin36=PB6
SPI1.Mode=SPI_MODE_MASTER
Mcu.Pin39=VP_SYS_VS_Systick
PE14.Mode=16b-d1
Mcu.Pin30=PD0
VP_SYS_VS_Systick.Mode=SysTick
RCC.EthernetFreq_Value=168000000
Mcu.Pin33=PD5
TIM3.IPParameters=Prescaler,Period
PH1-OSC_OUT.Signal=RCC_OSC_OUT
Mcu.Pin34=PD7
Mcu.Pin31=PD1
Mcu.Pin32=PD4
NVIC.NonMaskableInt_IRQn=true\:0\:0\:false\:false\:true\:false\:false
PE5.Locked=true
TIM2.Period=39999
PE6.Signal=GPIO_Input
PA13.Mode=Serial_Wire
ProjectManager.FreePins=false
RCC.IPParameters=48MHZClocksFreq_Value,AHBFreq_Value,APB1CLKDivider,APB1Freq_Value,APB1TimFreq_Value,APB2CLKDivider,APB2Freq_Value,APB2TimFreq_Value,CortexFreq_Value,EthernetFreq_Value,FCLKCortexFreq_Value,FamilyName,HCLKFreq_Value,HSE_VALUE,HSI_VALUE,I2SClocksFreq_Value,LSE_VALUE,LSI_VALUE,MCO2PinFreq_Value,PLLCLKFreq_Value,PLLM,PLLN,PLLQ,PLLQCLKFreq_Value,RTCFreq_Value,RTCHSEDivFreq_Value,SYSCLKFreq_VALUE,SYSCLKSource,VCOI2SOutputFreq_Value,VCOInputFreq_Value,VCOOutputFreq_Value,VcooutputI2S
ProjectManager.AskForMigrate=true
Mcu.Name=STM32F407V(E-G)Tx
PD0.Mode=16b-d1
Mcu.Pin26=PA11
PE12.Signal=FSMC_D9
NVIC.TIM1_BRK_TIM9_IRQn=true\:0\:0\:false\:false\:true\:true\:true
Mcu.Pin27=PA12
RCC.RTCHSEDivFreq_Value=4000000
Mcu.Pin24=PD15
ProjectManager.UnderRoot=true
Mcu.Pin25=PC6
Mcu.IP8=TIM3
Mcu.IP9=TIM4
PD14.Signal=FSMC_D0
Mcu.Pin28=PA13
Mcu.IP6=TIM1
Mcu.Pin29=PA14
Mcu.IP7=TIM2
ProjectManager.CoupleFile=true
RCC.48MHZClocksFreq_Value=48000000
PA4.Signal=SPI1_NSS
RCC.SYSCLKFreq_VALUE=168000000
PB5.Signal=GPIO_Output
Mcu.Pin22=PD13
PE7.Mode=16b-d1
Mcu.Pin23=PD14
Mcu.Pin20=PD10
Mcu.Pin21=PD11
PA12.Mode=Host_Only
NVIC.ForceEnableDMAVector=true
KeepUserPlacement=false
PD11.Signal=FSMC_A16
NVIC.MemoryManagement_IRQn=true\:0\:0\:false\:false\:true\:false\:false
PE5.GPIO_Label=BMS_Input
ProjectManager.CompilerOptimize=3
PA11.Signal=USB_OTG_FS_DM
NVIC.EXTI9_5_IRQn=true\:0\:0\:false\:false\:true\:true\:true
PA14.Signal=SYS_JTCK-SWCLK
ProjectManager.HeapSize=0x200
Mcu.Pin15=PE13
NVIC.HardFault_IRQn=true\:0\:0\:false\:false\:true\:false\:false
Mcu.Pin16=PE14
Mcu.Pin13=PE11
Mcu.Pin14=PE12
PD11.Mode=A16_1
Mcu.Pin19=PD9
SH.S_TIM3_CH1.ConfNb=1
NVIC.TIM1_UP_TIM10_IRQn=true\:0\:0\:false\:false\:true\:true\:true
ProjectManager.ComputerToolchain=false
Mcu.Pin17=PE15
RCC.HSI_VALUE=16000000
Mcu.Pin18=PD8
VP_TIM4_VS_ClockSourceINT.Mode=Internal
RCC.PLLQ=7
NVIC.PriorityGroup=NVIC_PRIORITYGROUP_4
Mcu.Pin11=PE9
Mcu.Pin12=PE10
RCC.PLLM=4
PB8.Mode=CAN_Activate
RCC.PLLN=168
TIM4.ICPolarity_1=TIM_INPUTCHANNELPOLARITY_RISING
Mcu.Pin10=PE8
PB8.Signal=CAN1_RX
NVIC.TIM4_IRQn=true\:0\:0\:false\:false\:true\:true\:true
RCC.APB1Freq_Value=42000000
ProjectManager.DeviceId=STM32F407VGTx
ProjectManager.LibraryCopy=1
NVIC.CAN1_RX0_IRQn=true\:0\:0\:false\:false\:true\:true\:true
PE15.Mode=16b-d1
PA7.Signal=SPI1_MOSI
isbadioc=false
